// !$*UTF8*$!
{
	archiveVersion = 1;
	classes = {
	};
	objectVersion = 50;
	objects = {

/* Begin PBXBuildFile section */
		4016146E22A2D3D600C6A11E /* libReduxMe.a in Frameworks */ = {isa = PBXBuildFile; fileRef = 403EC65722A2B452003165D3 /* libReduxMe.a */; };
		4016147922A2D4BE00C6A11E /* ReduxMe_DisposeBagTests.swift in Sources */ = {isa = PBXBuildFile; fileRef = 4016147622A2D4BE00C6A11E /* ReduxMe_DisposeBagTests.swift */; };
		4016147D22A2D53800C6A11E /* ReduxMeStub+Disposable.swift in Sources */ = {isa = PBXBuildFile; fileRef = 4016147C22A2D53800C6A11E /* ReduxMeStub+Disposable.swift */; };
		4016147F22A2D55900C6A11E /* ReduxMeStub.swift in Sources */ = {isa = PBXBuildFile; fileRef = 4016147E22A2D55900C6A11E /* ReduxMeStub.swift */; };
		4016148222A2D64A00C6A11E /* ReduxMeStub+Store.swift in Sources */ = {isa = PBXBuildFile; fileRef = 4016148122A2D64A00C6A11E /* ReduxMeStub+Store.swift */; };
		4016148422A2D75200C6A11E /* ReduxMeStub+State.swift in Sources */ = {isa = PBXBuildFile; fileRef = 4016148322A2D75200C6A11E /* ReduxMeStub+State.swift */; };
		4016148622A2D91700C6A11E /* ReduxMeStub+Substate.swift in Sources */ = {isa = PBXBuildFile; fileRef = 4016148522A2D91700C6A11E /* ReduxMeStub+Substate.swift */; };
		4016148922A2D9E700C6A11E /* ReduxMeStub+DisposeBag.swift in Sources */ = {isa = PBXBuildFile; fileRef = 4016148822A2D9E700C6A11E /* ReduxMeStub+DisposeBag.swift */; };
		4016148B22A2DDC300C6A11E /* ReduxMeStub+SerialDispatchQueue.swift in Sources */ = {isa = PBXBuildFile; fileRef = 4016148A22A2DDC300C6A11E /* ReduxMeStub+SerialDispatchQueue.swift */; };
		4016148D22A2DE5C00C6A11E /* ReduxMeStub+Dispatcher.swift in Sources */ = {isa = PBXBuildFile; fileRef = 4016148C22A2DE5C00C6A11E /* ReduxMeStub+Dispatcher.swift */; };
		4016148E22A2DF8900C6A11E /* ReduxMe_ObservableTests.swift in Sources */ = {isa = PBXBuildFile; fileRef = 4016147522A2D4BE00C6A11E /* ReduxMe_ObservableTests.swift */; };
		4016149022A2DFBA00C6A11E /* ReduxMeStub+Listener.swift in Sources */ = {isa = PBXBuildFile; fileRef = 4016148F22A2DFBA00C6A11E /* ReduxMeStub+Listener.swift */; };
		4016149222A2DFC700C6A11E /* ReduxMeStub+Middleware.swift in Sources */ = {isa = PBXBuildFile; fileRef = 4016149122A2DFC700C6A11E /* ReduxMeStub+Middleware.swift */; };
		4016149422A2DFD500C6A11E /* ReduxMeStub+Action.swift in Sources */ = {isa = PBXBuildFile; fileRef = 4016149322A2DFD500C6A11E /* ReduxMeStub+Action.swift */; };
		4016149522A2E14100C6A11E /* ReduxMe_StoreTests.swift in Sources */ = {isa = PBXBuildFile; fileRef = 4016147722A2D4BE00C6A11E /* ReduxMe_StoreTests.swift */; };
		4016149722A2E22200C6A11E /* ReduxMeStub+Reducer.swift in Sources */ = {isa = PBXBuildFile; fileRef = 4016149622A2E22200C6A11E /* ReduxMeStub+Reducer.swift */; };
		401614AE22A2EEE000C6A11E /* ReduxMe_tvOS.swift in Sources */ = {isa = PBXBuildFile; fileRef = 401614AD22A2EEE000C6A11E /* ReduxMe_tvOS.swift */; };
		401614B222A2EF0100C6A11E /* ReduxMe+DisposableBag.swift in Sources */ = {isa = PBXBuildFile; fileRef = 403EC6B022A2B9ED003165D3 /* ReduxMe+DisposableBag.swift */; };
		401614B322A2EF0100C6A11E /* ReduxMe+Dispatcher.swift in Sources */ = {isa = PBXBuildFile; fileRef = 403EC6A822A2B843003165D3 /* ReduxMe+Dispatcher.swift */; };
		401614B422A2EF0100C6A11E /* ReduxMe+Observable.swift in Sources */ = {isa = PBXBuildFile; fileRef = 403EC6AC22A2B8B9003165D3 /* ReduxMe+Observable.swift */; };
		401614B522A2EF0100C6A11E /* ReduxMe+Store.swift in Sources */ = {isa = PBXBuildFile; fileRef = 403EC6AE22A2B8D8003165D3 /* ReduxMe+Store.swift */; };
		401614B622A2EF0100C6A11E /* ReduxMe+SerialDispatchQueue.swift in Sources */ = {isa = PBXBuildFile; fileRef = 403EC6A422A2B5E2003165D3 /* ReduxMe+SerialDispatchQueue.swift */; };
		401614B722A2EF0100C6A11E /* ReduxMe+CompoundReducer.swift in Sources */ = {isa = PBXBuildFile; fileRef = 403EC6B422A2C751003165D3 /* ReduxMe+CompoundReducer.swift */; };
		401614B822A2EF0100C6A11E /* ReduxMeActionDispatching.swift in Sources */ = {isa = PBXBuildFile; fileRef = 403EC66522A2B47A003165D3 /* ReduxMeActionDispatching.swift */; };
		401614B922A2EF0100C6A11E /* ReduxMeActionProtocol.swift in Sources */ = {isa = PBXBuildFile; fileRef = 403EC66D22A2B47B003165D3 /* ReduxMeActionProtocol.swift */; };
		401614BA22A2EF0100C6A11E /* ReduxMeDispatching.swift in Sources */ = {isa = PBXBuildFile; fileRef = 403EC6A122A2B596003165D3 /* ReduxMeDispatching.swift */; };
		401614BB22A2EF0100C6A11E /* ReduxMeDisposable.swift in Sources */ = {isa = PBXBuildFile; fileRef = 403EC67422A2B47B003165D3 /* ReduxMeDisposable.swift */; };
		401614BC22A2EF0100C6A11E /* ReduxMeDisposableBagProtocol.swift in Sources */ = {isa = PBXBuildFile; fileRef = 403EC67222A2B47B003165D3 /* ReduxMeDisposableBagProtocol.swift */; };
		401614BD22A2EF0100C6A11E /* ReduxMeListenerProtocol.swift in Sources */ = {isa = PBXBuildFile; fileRef = 403EC67922A2B47B003165D3 /* ReduxMeListenerProtocol.swift */; };
		401614BE22A2EF0100C6A11E /* ReduxMeMiddlewareProtocol.swift in Sources */ = {isa = PBXBuildFile; fileRef = 403EC67D22A2B47C003165D3 /* ReduxMeMiddlewareProtocol.swift */; };
		401614BF22A2EF0100C6A11E /* ReduxMeObservableProtocol.swift in Sources */ = {isa = PBXBuildFile; fileRef = 403EC67F22A2B47C003165D3 /* ReduxMeObservableProtocol.swift */; };
		401614C022A2EF0100C6A11E /* ReduxMeReducerProtocol.swift in Sources */ = {isa = PBXBuildFile; fileRef = 403EC67B22A2B47C003165D3 /* ReduxMeReducerProtocol.swift */; };
		401614C122A2EF0100C6A11E /* ReduxMeSerialDispatchQueueing.swift in Sources */ = {isa = PBXBuildFile; fileRef = 403EC69F22A2B562003165D3 /* ReduxMeSerialDispatchQueueing.swift */; };
		401614C222A2EF0200C6A11E /* ReduxMeStoreProtocol.swift in Sources */ = {isa = PBXBuildFile; fileRef = 403EC67322A2B47B003165D3 /* ReduxMeStoreProtocol.swift */; };
		401614C322A2EF0200C6A11E /* ReduxMeSubstateListenerProtocol.swift in Sources */ = {isa = PBXBuildFile; fileRef = 403EC66422A2B47A003165D3 /* ReduxMeSubstateListenerProtocol.swift */; };
		401614C422A2EF0200C6A11E /* ReduxMeSubstateProtocol.swift in Sources */ = {isa = PBXBuildFile; fileRef = 403EC67122A2B47B003165D3 /* ReduxMeSubstateProtocol.swift */; };
		401614C522A2EF0200C6A11E /* ReduxMeStateProtocol.swift in Sources */ = {isa = PBXBuildFile; fileRef = 403EC6B222A2C293003165D3 /* ReduxMeStateProtocol.swift */; };
		401614C622A2EF0200C6A11E /* ReduxMe.swift in Sources */ = {isa = PBXBuildFile; fileRef = 403EC65A22A2B452003165D3 /* ReduxMe.swift */; };
		401614DD22A2EF1800C6A11E /* ReduxMe_macOS.h in Headers */ = {isa = PBXBuildFile; fileRef = 401614DC22A2EF1800C6A11E /* ReduxMe_macOS.h */; };
		401614DF22A2EF1800C6A11E /* ReduxMe_macOS.m in Sources */ = {isa = PBXBuildFile; fileRef = 401614DE22A2EF1800C6A11E /* ReduxMe_macOS.m */; };
		401614E322A2EF2000C6A11E /* ReduxMe+DisposableBag.swift in Sources */ = {isa = PBXBuildFile; fileRef = 403EC6B022A2B9ED003165D3 /* ReduxMe+DisposableBag.swift */; };
		401614E422A2EF2000C6A11E /* ReduxMe+Dispatcher.swift in Sources */ = {isa = PBXBuildFile; fileRef = 403EC6A822A2B843003165D3 /* ReduxMe+Dispatcher.swift */; };
		401614E522A2EF2000C6A11E /* ReduxMe+Observable.swift in Sources */ = {isa = PBXBuildFile; fileRef = 403EC6AC22A2B8B9003165D3 /* ReduxMe+Observable.swift */; };
		401614E622A2EF2000C6A11E /* ReduxMe+Store.swift in Sources */ = {isa = PBXBuildFile; fileRef = 403EC6AE22A2B8D8003165D3 /* ReduxMe+Store.swift */; };
		401614E722A2EF2000C6A11E /* ReduxMe+SerialDispatchQueue.swift in Sources */ = {isa = PBXBuildFile; fileRef = 403EC6A422A2B5E2003165D3 /* ReduxMe+SerialDispatchQueue.swift */; };
		401614E822A2EF2000C6A11E /* ReduxMe+CompoundReducer.swift in Sources */ = {isa = PBXBuildFile; fileRef = 403EC6B422A2C751003165D3 /* ReduxMe+CompoundReducer.swift */; };
		401614E922A2EF2000C6A11E /* ReduxMeActionDispatching.swift in Sources */ = {isa = PBXBuildFile; fileRef = 403EC66522A2B47A003165D3 /* ReduxMeActionDispatching.swift */; };
		401614EA22A2EF2000C6A11E /* ReduxMeActionProtocol.swift in Sources */ = {isa = PBXBuildFile; fileRef = 403EC66D22A2B47B003165D3 /* ReduxMeActionProtocol.swift */; };
		401614EB22A2EF2000C6A11E /* ReduxMeDispatching.swift in Sources */ = {isa = PBXBuildFile; fileRef = 403EC6A122A2B596003165D3 /* ReduxMeDispatching.swift */; };
		401614EC22A2EF2000C6A11E /* ReduxMeDisposable.swift in Sources */ = {isa = PBXBuildFile; fileRef = 403EC67422A2B47B003165D3 /* ReduxMeDisposable.swift */; };
		401614ED22A2EF2000C6A11E /* ReduxMeDisposableBagProtocol.swift in Sources */ = {isa = PBXBuildFile; fileRef = 403EC67222A2B47B003165D3 /* ReduxMeDisposableBagProtocol.swift */; };
		401614EE22A2EF2000C6A11E /* ReduxMeListenerProtocol.swift in Sources */ = {isa = PBXBuildFile; fileRef = 403EC67922A2B47B003165D3 /* ReduxMeListenerProtocol.swift */; };
		401614EF22A2EF2000C6A11E /* ReduxMeMiddlewareProtocol.swift in Sources */ = {isa = PBXBuildFile; fileRef = 403EC67D22A2B47C003165D3 /* ReduxMeMiddlewareProtocol.swift */; };
		401614F022A2EF2000C6A11E /* ReduxMeObservableProtocol.swift in Sources */ = {isa = PBXBuildFile; fileRef = 403EC67F22A2B47C003165D3 /* ReduxMeObservableProtocol.swift */; };
		401614F122A2EF2000C6A11E /* ReduxMeReducerProtocol.swift in Sources */ = {isa = PBXBuildFile; fileRef = 403EC67B22A2B47C003165D3 /* ReduxMeReducerProtocol.swift */; };
		401614F222A2EF2000C6A11E /* ReduxMeSerialDispatchQueueing.swift in Sources */ = {isa = PBXBuildFile; fileRef = 403EC69F22A2B562003165D3 /* ReduxMeSerialDispatchQueueing.swift */; };
		401614F322A2EF2000C6A11E /* ReduxMeStoreProtocol.swift in Sources */ = {isa = PBXBuildFile; fileRef = 403EC67322A2B47B003165D3 /* ReduxMeStoreProtocol.swift */; };
		401614F422A2EF2000C6A11E /* ReduxMeSubstateListenerProtocol.swift in Sources */ = {isa = PBXBuildFile; fileRef = 403EC66422A2B47A003165D3 /* ReduxMeSubstateListenerProtocol.swift */; };
		401614F522A2EF2000C6A11E /* ReduxMeSubstateProtocol.swift in Sources */ = {isa = PBXBuildFile; fileRef = 403EC67122A2B47B003165D3 /* ReduxMeSubstateProtocol.swift */; };
		401614F622A2EF2000C6A11E /* ReduxMeStateProtocol.swift in Sources */ = {isa = PBXBuildFile; fileRef = 403EC6B222A2C293003165D3 /* ReduxMeStateProtocol.swift */; };
		401614F722A2EF2000C6A11E /* ReduxMe.swift in Sources */ = {isa = PBXBuildFile; fileRef = 403EC65A22A2B452003165D3 /* ReduxMe.swift */; };
		403EC65B22A2B452003165D3 /* ReduxMe.swift in Sources */ = {isa = PBXBuildFile; fileRef = 403EC65A22A2B452003165D3 /* ReduxMe.swift */; };
		403EC68222A2B47C003165D3 /* ReduxMeSubstateListenerProtocol.swift in Sources */ = {isa = PBXBuildFile; fileRef = 403EC66422A2B47A003165D3 /* ReduxMeSubstateListenerProtocol.swift */; };
		403EC68322A2B47C003165D3 /* ReduxMeActionDispatching.swift in Sources */ = {isa = PBXBuildFile; fileRef = 403EC66522A2B47A003165D3 /* ReduxMeActionDispatching.swift */; };
		403EC68B22A2B47C003165D3 /* ReduxMeActionProtocol.swift in Sources */ = {isa = PBXBuildFile; fileRef = 403EC66D22A2B47B003165D3 /* ReduxMeActionProtocol.swift */; };
		403EC68F22A2B47C003165D3 /* ReduxMeSubstateProtocol.swift in Sources */ = {isa = PBXBuildFile; fileRef = 403EC67122A2B47B003165D3 /* ReduxMeSubstateProtocol.swift */; };
		403EC69022A2B47C003165D3 /* ReduxMeDisposableBagProtocol.swift in Sources */ = {isa = PBXBuildFile; fileRef = 403EC67222A2B47B003165D3 /* ReduxMeDisposableBagProtocol.swift */; };
		403EC69122A2B47C003165D3 /* ReduxMeStoreProtocol.swift in Sources */ = {isa = PBXBuildFile; fileRef = 403EC67322A2B47B003165D3 /* ReduxMeStoreProtocol.swift */; };
		403EC69222A2B47C003165D3 /* ReduxMeDisposable.swift in Sources */ = {isa = PBXBuildFile; fileRef = 403EC67422A2B47B003165D3 /* ReduxMeDisposable.swift */; };
		403EC69722A2B47C003165D3 /* ReduxMeListenerProtocol.swift in Sources */ = {isa = PBXBuildFile; fileRef = 403EC67922A2B47B003165D3 /* ReduxMeListenerProtocol.swift */; };
		403EC69922A2B47C003165D3 /* ReduxMeReducerProtocol.swift in Sources */ = {isa = PBXBuildFile; fileRef = 403EC67B22A2B47C003165D3 /* ReduxMeReducerProtocol.swift */; };
		403EC69B22A2B47C003165D3 /* ReduxMeMiddlewareProtocol.swift in Sources */ = {isa = PBXBuildFile; fileRef = 403EC67D22A2B47C003165D3 /* ReduxMeMiddlewareProtocol.swift */; };
		403EC69D22A2B47C003165D3 /* ReduxMeObservableProtocol.swift in Sources */ = {isa = PBXBuildFile; fileRef = 403EC67F22A2B47C003165D3 /* ReduxMeObservableProtocol.swift */; };
		403EC6A022A2B562003165D3 /* ReduxMeSerialDispatchQueueing.swift in Sources */ = {isa = PBXBuildFile; fileRef = 403EC69F22A2B562003165D3 /* ReduxMeSerialDispatchQueueing.swift */; };
		403EC6A222A2B596003165D3 /* ReduxMeDispatching.swift in Sources */ = {isa = PBXBuildFile; fileRef = 403EC6A122A2B596003165D3 /* ReduxMeDispatching.swift */; };
		403EC6A622A2B5E2003165D3 /* ReduxMe+SerialDispatchQueue.swift in Sources */ = {isa = PBXBuildFile; fileRef = 403EC6A422A2B5E2003165D3 /* ReduxMe+SerialDispatchQueue.swift */; };
		403EC6A922A2B843003165D3 /* ReduxMe+Dispatcher.swift in Sources */ = {isa = PBXBuildFile; fileRef = 403EC6A822A2B843003165D3 /* ReduxMe+Dispatcher.swift */; };
		403EC6AD22A2B8B9003165D3 /* ReduxMe+Observable.swift in Sources */ = {isa = PBXBuildFile; fileRef = 403EC6AC22A2B8B9003165D3 /* ReduxMe+Observable.swift */; };
		403EC6AF22A2B8D8003165D3 /* ReduxMe+Store.swift in Sources */ = {isa = PBXBuildFile; fileRef = 403EC6AE22A2B8D8003165D3 /* ReduxMe+Store.swift */; };
		403EC6B122A2B9ED003165D3 /* ReduxMe+DisposableBag.swift in Sources */ = {isa = PBXBuildFile; fileRef = 403EC6B022A2B9ED003165D3 /* ReduxMe+DisposableBag.swift */; };
		403EC6B322A2C293003165D3 /* ReduxMeStateProtocol.swift in Sources */ = {isa = PBXBuildFile; fileRef = 403EC6B222A2C293003165D3 /* ReduxMeStateProtocol.swift */; };
		403EC6B522A2C751003165D3 /* ReduxMe+CompoundReducer.swift in Sources */ = {isa = PBXBuildFile; fileRef = 403EC6B422A2C751003165D3 /* ReduxMe+CompoundReducer.swift */; };
/* End PBXBuildFile section */

/* Begin PBXContainerItemProxy section */
		4016146F22A2D3D600C6A11E /* PBXContainerItemProxy */ = {
			isa = PBXContainerItemProxy;
			containerPortal = 403EC64F22A2B452003165D3 /* Project object */;
			proxyType = 1;
			remoteGlobalIDString = 403EC65622A2B452003165D3;
			remoteInfo = ReduxMe;
		};
/* End PBXContainerItemProxy section */

/* Begin PBXCopyFilesBuildPhase section */
		401614A922A2EEE000C6A11E /* CopyFiles */ = {
			isa = PBXCopyFilesBuildPhase;
			buildActionMask = 2147483647;
			dstPath = "include/$(PRODUCT_NAME)";
			dstSubfolderSpec = 16;
			files = (
			);
			runOnlyForDeploymentPostprocessing = 0;
		};
		403EC65522A2B452003165D3 /* CopyFiles */ = {
			isa = PBXCopyFilesBuildPhase;
			buildActionMask = 2147483647;
			dstPath = "include/$(PRODUCT_NAME)";
			dstSubfolderSpec = 16;
			files = (
			);
			runOnlyForDeploymentPostprocessing = 0;
		};
/* End PBXCopyFilesBuildPhase section */

/* Begin PBXFileReference section */
		4016146922A2D3D600C6A11E /* ReduxMe Tests.xctest */ = {isa = PBXFileReference; explicitFileType = wrapper.cfbundle; includeInIndex = 0; path = "ReduxMe Tests.xctest"; sourceTree = BUILT_PRODUCTS_DIR; };
		4016146D22A2D3D600C6A11E /* Info.plist */ = {isa = PBXFileReference; lastKnownFileType = text.plist.xml; path = Info.plist; sourceTree = "<group>"; };
		4016147522A2D4BE00C6A11E /* ReduxMe_ObservableTests.swift */ = {isa = PBXFileReference; fileEncoding = 4; lastKnownFileType = sourcecode.swift; path = ReduxMe_ObservableTests.swift; sourceTree = "<group>"; };
		4016147622A2D4BE00C6A11E /* ReduxMe_DisposeBagTests.swift */ = {isa = PBXFileReference; fileEncoding = 4; lastKnownFileType = sourcecode.swift; path = ReduxMe_DisposeBagTests.swift; sourceTree = "<group>"; };
		4016147722A2D4BE00C6A11E /* ReduxMe_StoreTests.swift */ = {isa = PBXFileReference; fileEncoding = 4; lastKnownFileType = sourcecode.swift; path = ReduxMe_StoreTests.swift; sourceTree = "<group>"; };
		4016147C22A2D53800C6A11E /* ReduxMeStub+Disposable.swift */ = {isa = PBXFileReference; fileEncoding = 4; lastKnownFileType = sourcecode.swift; path = "ReduxMeStub+Disposable.swift"; sourceTree = "<group>"; };
		4016147E22A2D55900C6A11E /* ReduxMeStub.swift */ = {isa = PBXFileReference; lastKnownFileType = sourcecode.swift; path = ReduxMeStub.swift; sourceTree = "<group>"; };
		4016148122A2D64A00C6A11E /* ReduxMeStub+Store.swift */ = {isa = PBXFileReference; fileEncoding = 4; lastKnownFileType = sourcecode.swift; path = "ReduxMeStub+Store.swift"; sourceTree = "<group>"; };
		4016148322A2D75200C6A11E /* ReduxMeStub+State.swift */ = {isa = PBXFileReference; lastKnownFileType = sourcecode.swift; path = "ReduxMeStub+State.swift"; sourceTree = "<group>"; };
		4016148522A2D91700C6A11E /* ReduxMeStub+Substate.swift */ = {isa = PBXFileReference; lastKnownFileType = sourcecode.swift; path = "ReduxMeStub+Substate.swift"; sourceTree = "<group>"; };
		4016148822A2D9E700C6A11E /* ReduxMeStub+DisposeBag.swift */ = {isa = PBXFileReference; lastKnownFileType = sourcecode.swift; path = "ReduxMeStub+DisposeBag.swift"; sourceTree = "<group>"; };
		4016148A22A2DDC300C6A11E /* ReduxMeStub+SerialDispatchQueue.swift */ = {isa = PBXFileReference; lastKnownFileType = sourcecode.swift; path = "ReduxMeStub+SerialDispatchQueue.swift"; sourceTree = "<group>"; };
		4016148C22A2DE5C00C6A11E /* ReduxMeStub+Dispatcher.swift */ = {isa = PBXFileReference; lastKnownFileType = sourcecode.swift; path = "ReduxMeStub+Dispatcher.swift"; sourceTree = "<group>"; };
		4016148F22A2DFBA00C6A11E /* ReduxMeStub+Listener.swift */ = {isa = PBXFileReference; lastKnownFileType = sourcecode.swift; path = "ReduxMeStub+Listener.swift"; sourceTree = "<group>"; };
		4016149122A2DFC700C6A11E /* ReduxMeStub+Middleware.swift */ = {isa = PBXFileReference; lastKnownFileType = sourcecode.swift; path = "ReduxMeStub+Middleware.swift"; sourceTree = "<group>"; };
		4016149322A2DFD500C6A11E /* ReduxMeStub+Action.swift */ = {isa = PBXFileReference; lastKnownFileType = sourcecode.swift; path = "ReduxMeStub+Action.swift"; sourceTree = "<group>"; };
		4016149622A2E22200C6A11E /* ReduxMeStub+Reducer.swift */ = {isa = PBXFileReference; lastKnownFileType = sourcecode.swift; path = "ReduxMeStub+Reducer.swift"; sourceTree = "<group>"; };
		401614AB22A2EEE000C6A11E /* libReduxMe_tvOS.a */ = {isa = PBXFileReference; explicitFileType = archive.ar; includeInIndex = 0; path = libReduxMe_tvOS.a; sourceTree = BUILT_PRODUCTS_DIR; };
		401614AD22A2EEE000C6A11E /* ReduxMe_tvOS.swift */ = {isa = PBXFileReference; lastKnownFileType = sourcecode.swift; path = ReduxMe_tvOS.swift; sourceTree = "<group>"; };
		401614DA22A2EF1800C6A11E /* libReduxMe_macOS.a */ = {isa = PBXFileReference; explicitFileType = archive.ar; includeInIndex = 0; path = libReduxMe_macOS.a; sourceTree = BUILT_PRODUCTS_DIR; };
		401614DC22A2EF1800C6A11E /* ReduxMe_macOS.h */ = {isa = PBXFileReference; lastKnownFileType = sourcecode.c.h; path = ReduxMe_macOS.h; sourceTree = "<group>"; };
		401614DE22A2EF1800C6A11E /* ReduxMe_macOS.m */ = {isa = PBXFileReference; lastKnownFileType = sourcecode.c.objc; path = ReduxMe_macOS.m; sourceTree = "<group>"; };
		403EC65722A2B452003165D3 /* libReduxMe.a */ = {isa = PBXFileReference; explicitFileType = archive.ar; includeInIndex = 0; path = libReduxMe.a; sourceTree = BUILT_PRODUCTS_DIR; };
		403EC65A22A2B452003165D3 /* ReduxMe.swift */ = {isa = PBXFileReference; lastKnownFileType = sourcecode.swift; path = ReduxMe.swift; sourceTree = "<group>"; };
		403EC66422A2B47A003165D3 /* ReduxMeSubstateListenerProtocol.swift */ = {isa = PBXFileReference; fileEncoding = 4; lastKnownFileType = sourcecode.swift; path = ReduxMeSubstateListenerProtocol.swift; sourceTree = "<group>"; };
		403EC66522A2B47A003165D3 /* ReduxMeActionDispatching.swift */ = {isa = PBXFileReference; fileEncoding = 4; lastKnownFileType = sourcecode.swift; path = ReduxMeActionDispatching.swift; sourceTree = "<group>"; };
		403EC66D22A2B47B003165D3 /* ReduxMeActionProtocol.swift */ = {isa = PBXFileReference; fileEncoding = 4; lastKnownFileType = sourcecode.swift; path = ReduxMeActionProtocol.swift; sourceTree = "<group>"; };
		403EC67122A2B47B003165D3 /* ReduxMeSubstateProtocol.swift */ = {isa = PBXFileReference; fileEncoding = 4; lastKnownFileType = sourcecode.swift; path = ReduxMeSubstateProtocol.swift; sourceTree = "<group>"; };
		403EC67222A2B47B003165D3 /* ReduxMeDisposableBagProtocol.swift */ = {isa = PBXFileReference; fileEncoding = 4; lastKnownFileType = sourcecode.swift; path = ReduxMeDisposableBagProtocol.swift; sourceTree = "<group>"; };
		403EC67322A2B47B003165D3 /* ReduxMeStoreProtocol.swift */ = {isa = PBXFileReference; fileEncoding = 4; lastKnownFileType = sourcecode.swift; path = ReduxMeStoreProtocol.swift; sourceTree = "<group>"; };
		403EC67422A2B47B003165D3 /* ReduxMeDisposable.swift */ = {isa = PBXFileReference; fileEncoding = 4; lastKnownFileType = sourcecode.swift; path = ReduxMeDisposable.swift; sourceTree = "<group>"; };
		403EC67922A2B47B003165D3 /* ReduxMeListenerProtocol.swift */ = {isa = PBXFileReference; fileEncoding = 4; lastKnownFileType = sourcecode.swift; path = ReduxMeListenerProtocol.swift; sourceTree = "<group>"; };
		403EC67B22A2B47C003165D3 /* ReduxMeReducerProtocol.swift */ = {isa = PBXFileReference; fileEncoding = 4; lastKnownFileType = sourcecode.swift; path = ReduxMeReducerProtocol.swift; sourceTree = "<group>"; };
		403EC67D22A2B47C003165D3 /* ReduxMeMiddlewareProtocol.swift */ = {isa = PBXFileReference; fileEncoding = 4; lastKnownFileType = sourcecode.swift; path = ReduxMeMiddlewareProtocol.swift; sourceTree = "<group>"; };
		403EC67F22A2B47C003165D3 /* ReduxMeObservableProtocol.swift */ = {isa = PBXFileReference; fileEncoding = 4; lastKnownFileType = sourcecode.swift; path = ReduxMeObservableProtocol.swift; sourceTree = "<group>"; };
		403EC69F22A2B562003165D3 /* ReduxMeSerialDispatchQueueing.swift */ = {isa = PBXFileReference; lastKnownFileType = sourcecode.swift; path = ReduxMeSerialDispatchQueueing.swift; sourceTree = "<group>"; };
		403EC6A122A2B596003165D3 /* ReduxMeDispatching.swift */ = {isa = PBXFileReference; lastKnownFileType = sourcecode.swift; path = ReduxMeDispatching.swift; sourceTree = "<group>"; };
		403EC6A422A2B5E2003165D3 /* ReduxMe+SerialDispatchQueue.swift */ = {isa = PBXFileReference; fileEncoding = 4; lastKnownFileType = sourcecode.swift; path = "ReduxMe+SerialDispatchQueue.swift"; sourceTree = "<group>"; };
		403EC6A822A2B843003165D3 /* ReduxMe+Dispatcher.swift */ = {isa = PBXFileReference; fileEncoding = 4; lastKnownFileType = sourcecode.swift; path = "ReduxMe+Dispatcher.swift"; sourceTree = "<group>"; };
		403EC6AC22A2B8B9003165D3 /* ReduxMe+Observable.swift */ = {isa = PBXFileReference; fileEncoding = 4; lastKnownFileType = sourcecode.swift; path = "ReduxMe+Observable.swift"; sourceTree = "<group>"; };
		403EC6AE22A2B8D8003165D3 /* ReduxMe+Store.swift */ = {isa = PBXFileReference; fileEncoding = 4; lastKnownFileType = sourcecode.swift; path = "ReduxMe+Store.swift"; sourceTree = "<group>"; };
		403EC6B022A2B9ED003165D3 /* ReduxMe+DisposableBag.swift */ = {isa = PBXFileReference; fileEncoding = 4; lastKnownFileType = sourcecode.swift; path = "ReduxMe+DisposableBag.swift"; sourceTree = "<group>"; };
		403EC6B222A2C293003165D3 /* ReduxMeStateProtocol.swift */ = {isa = PBXFileReference; lastKnownFileType = sourcecode.swift; path = ReduxMeStateProtocol.swift; sourceTree = "<group>"; };
		403EC6B422A2C751003165D3 /* ReduxMe+CompoundReducer.swift */ = {isa = PBXFileReference; lastKnownFileType = sourcecode.swift; path = "ReduxMe+CompoundReducer.swift"; sourceTree = "<group>"; };
/* End PBXFileReference section */

/* Begin PBXFrameworksBuildPhase section */
		4016146622A2D3D600C6A11E /* Frameworks */ = {
			isa = PBXFrameworksBuildPhase;
			buildActionMask = 2147483647;
			files = (
				4016146E22A2D3D600C6A11E /* libReduxMe.a in Frameworks */,
			);
			runOnlyForDeploymentPostprocessing = 0;
		};
		401614A822A2EEE000C6A11E /* Frameworks */ = {
			isa = PBXFrameworksBuildPhase;
			buildActionMask = 2147483647;
			files = (
			);
			runOnlyForDeploymentPostprocessing = 0;
		};
		401614D822A2EF1800C6A11E /* Frameworks */ = {
			isa = PBXFrameworksBuildPhase;
			buildActionMask = 2147483647;
			files = (
			);
			runOnlyForDeploymentPostprocessing = 0;
		};
		403EC65422A2B452003165D3 /* Frameworks */ = {
			isa = PBXFrameworksBuildPhase;
			buildActionMask = 2147483647;
			files = (
			);
			runOnlyForDeploymentPostprocessing = 0;
		};
/* End PBXFrameworksBuildPhase section */

/* Begin PBXGroup section */
		4016146A22A2D3D600C6A11E /* ReduxMe Tests */ = {
			isa = PBXGroup;
			children = (
				4016147B22A2D4FA00C6A11E /* Stubs */,
				4016147422A2D4AD00C6A11E /* Implementation */,
				4016146D22A2D3D600C6A11E /* Info.plist */,
			);
			path = "ReduxMe Tests";
			sourceTree = "<group>";
		};
		4016147422A2D4AD00C6A11E /* Implementation */ = {
			isa = PBXGroup;
			children = (
				4016147622A2D4BE00C6A11E /* ReduxMe_DisposeBagTests.swift */,
				4016147522A2D4BE00C6A11E /* ReduxMe_ObservableTests.swift */,
				4016147722A2D4BE00C6A11E /* ReduxMe_StoreTests.swift */,
			);
			path = Implementation;
			sourceTree = "<group>";
		};
		4016147B22A2D4FA00C6A11E /* Stubs */ = {
			isa = PBXGroup;
			children = (
				4016147E22A2D55900C6A11E /* ReduxMeStub.swift */,
				4016148122A2D64A00C6A11E /* ReduxMeStub+Store.swift */,
				4016147C22A2D53800C6A11E /* ReduxMeStub+Disposable.swift */,
				4016148322A2D75200C6A11E /* ReduxMeStub+State.swift */,
				4016148522A2D91700C6A11E /* ReduxMeStub+Substate.swift */,
				4016148822A2D9E700C6A11E /* ReduxMeStub+DisposeBag.swift */,
				4016148A22A2DDC300C6A11E /* ReduxMeStub+SerialDispatchQueue.swift */,
				4016148C22A2DE5C00C6A11E /* ReduxMeStub+Dispatcher.swift */,
				4016148F22A2DFBA00C6A11E /* ReduxMeStub+Listener.swift */,
				4016149122A2DFC700C6A11E /* ReduxMeStub+Middleware.swift */,
				4016149322A2DFD500C6A11E /* ReduxMeStub+Action.swift */,
				4016149622A2E22200C6A11E /* ReduxMeStub+Reducer.swift */,
			);
			path = Stubs;
			sourceTree = "<group>";
		};
		401614AC22A2EEE000C6A11E /* ReduxMe_tvOS */ = {
			isa = PBXGroup;
			children = (
				401614AD22A2EEE000C6A11E /* ReduxMe_tvOS.swift */,
			);
			path = ReduxMe_tvOS;
			sourceTree = "<group>";
		};
		401614DB22A2EF1800C6A11E /* ReduxMe_macOS */ = {
			isa = PBXGroup;
			children = (
				401614DC22A2EF1800C6A11E /* ReduxMe_macOS.h */,
				401614DE22A2EF1800C6A11E /* ReduxMe_macOS.m */,
			);
			path = ReduxMe_macOS;
			sourceTree = "<group>";
		};
		403EC64E22A2B452003165D3 = {
			isa = PBXGroup;
			children = (
				403EC65922A2B452003165D3 /* ReduxMe */,
				4016146A22A2D3D600C6A11E /* ReduxMe Tests */,
				401614AC22A2EEE000C6A11E /* ReduxMe_tvOS */,
				401614DB22A2EF1800C6A11E /* ReduxMe_macOS */,
				403EC65822A2B452003165D3 /* Products */,
			);
			sourceTree = "<group>";
		};
		403EC65822A2B452003165D3 /* Products */ = {
			isa = PBXGroup;
			children = (
				403EC65722A2B452003165D3 /* libReduxMe.a */,
				4016146922A2D3D600C6A11E /* ReduxMe Tests.xctest */,
				401614AB22A2EEE000C6A11E /* libReduxMe_tvOS.a */,
				401614DA22A2EF1800C6A11E /* libReduxMe_macOS.a */,
			);
			name = Products;
			sourceTree = "<group>";
		};
		403EC65922A2B452003165D3 /* ReduxMe */ = {
			isa = PBXGroup;
			children = (
				403EC66122A2B45D003165D3 /* Implementation */,
				403EC66222A2B468003165D3 /* Protocols */,
				403EC65A22A2B452003165D3 /* ReduxMe.swift */,
			);
			path = ReduxMe;
			sourceTree = "<group>";
		};
		403EC66122A2B45D003165D3 /* Implementation */ = {
			isa = PBXGroup;
			children = (
				403EC6B022A2B9ED003165D3 /* ReduxMe+DisposableBag.swift */,
				403EC6A822A2B843003165D3 /* ReduxMe+Dispatcher.swift */,
				403EC6AC22A2B8B9003165D3 /* ReduxMe+Observable.swift */,
				403EC6AE22A2B8D8003165D3 /* ReduxMe+Store.swift */,
				403EC6A422A2B5E2003165D3 /* ReduxMe+SerialDispatchQueue.swift */,
				403EC6B422A2C751003165D3 /* ReduxMe+CompoundReducer.swift */,
			);
			path = Implementation;
			sourceTree = "<group>";
		};
		403EC66222A2B468003165D3 /* Protocols */ = {
			isa = PBXGroup;
			children = (
				403EC66522A2B47A003165D3 /* ReduxMeActionDispatching.swift */,
				403EC66D22A2B47B003165D3 /* ReduxMeActionProtocol.swift */,
				403EC6A122A2B596003165D3 /* ReduxMeDispatching.swift */,
				403EC67422A2B47B003165D3 /* ReduxMeDisposable.swift */,
				403EC67222A2B47B003165D3 /* ReduxMeDisposableBagProtocol.swift */,
				403EC67922A2B47B003165D3 /* ReduxMeListenerProtocol.swift */,
				403EC67D22A2B47C003165D3 /* ReduxMeMiddlewareProtocol.swift */,
				403EC67F22A2B47C003165D3 /* ReduxMeObservableProtocol.swift */,
				403EC67B22A2B47C003165D3 /* ReduxMeReducerProtocol.swift */,
				403EC69F22A2B562003165D3 /* ReduxMeSerialDispatchQueueing.swift */,
				403EC67322A2B47B003165D3 /* ReduxMeStoreProtocol.swift */,
				403EC66422A2B47A003165D3 /* ReduxMeSubstateListenerProtocol.swift */,
				403EC67122A2B47B003165D3 /* ReduxMeSubstateProtocol.swift */,
				403EC6B222A2C293003165D3 /* ReduxMeStateProtocol.swift */,
			);
			path = Protocols;
			sourceTree = "<group>";
		};
/* End PBXGroup section */

/* Begin PBXHeadersBuildPhase section */
		401614D622A2EF1800C6A11E /* Headers */ = {
			isa = PBXHeadersBuildPhase;
			buildActionMask = 2147483647;
			files = (
				401614DD22A2EF1800C6A11E /* ReduxMe_macOS.h in Headers */,
			);
			runOnlyForDeploymentPostprocessing = 0;
		};
/* End PBXHeadersBuildPhase section */

/* Begin PBXNativeTarget section */
		4016146822A2D3D600C6A11E /* ReduxMe Tests */ = {
			isa = PBXNativeTarget;
			buildConfigurationList = 4016147322A2D3D600C6A11E /* Build configuration list for PBXNativeTarget "ReduxMe Tests" */;
			buildPhases = (
				4016146522A2D3D600C6A11E /* Sources */,
				4016146622A2D3D600C6A11E /* Frameworks */,
				4016146722A2D3D600C6A11E /* Resources */,
			);
			buildRules = (
			);
			dependencies = (
				4016147022A2D3D600C6A11E /* PBXTargetDependency */,
			);
			name = "ReduxMe Tests";
			productName = "ReduxMe Tests";
			productReference = 4016146922A2D3D600C6A11E /* ReduxMe Tests.xctest */;
			productType = "com.apple.product-type.bundle.unit-test";
		};
		401614AA22A2EEE000C6A11E /* ReduxMe_tvOS */ = {
			isa = PBXNativeTarget;
			buildConfigurationList = 401614B122A2EEE000C6A11E /* Build configuration list for PBXNativeTarget "ReduxMe_tvOS" */;
			buildPhases = (
				401614A722A2EEE000C6A11E /* Sources */,
				401614A822A2EEE000C6A11E /* Frameworks */,
				401614A922A2EEE000C6A11E /* CopyFiles */,
			);
			buildRules = (
			);
			dependencies = (
			);
			name = ReduxMe_tvOS;
			productName = ReduxMe_tvOS;
			productReference = 401614AB22A2EEE000C6A11E /* libReduxMe_tvOS.a */;
			productType = "com.apple.product-type.library.static";
		};
		401614D922A2EF1800C6A11E /* ReduxMe_macOS */ = {
			isa = PBXNativeTarget;
			buildConfigurationList = 401614E022A2EF1800C6A11E /* Build configuration list for PBXNativeTarget "ReduxMe_macOS" */;
			buildPhases = (
				401614D622A2EF1800C6A11E /* Headers */,
				401614D722A2EF1800C6A11E /* Sources */,
				401614D822A2EF1800C6A11E /* Frameworks */,
			);
			buildRules = (
			);
			dependencies = (
			);
			name = ReduxMe_macOS;
			productName = ReduxMe_macOS;
			productReference = 401614DA22A2EF1800C6A11E /* libReduxMe_macOS.a */;
			productType = "com.apple.product-type.library.static";
		};
		403EC65622A2B452003165D3 /* ReduxMe */ = {
			isa = PBXNativeTarget;
			buildConfigurationList = 403EC65E22A2B452003165D3 /* Build configuration list for PBXNativeTarget "ReduxMe" */;
			buildPhases = (
				403EC65322A2B452003165D3 /* Sources */,
				403EC65422A2B452003165D3 /* Frameworks */,
				403EC65522A2B452003165D3 /* CopyFiles */,
			);
			buildRules = (
			);
			dependencies = (
			);
			name = ReduxMe;
			productName = ReduxMe;
			productReference = 403EC65722A2B452003165D3 /* libReduxMe.a */;
			productType = "com.apple.product-type.library.static";
		};
/* End PBXNativeTarget section */

/* Begin PBXProject section */
		403EC64F22A2B452003165D3 /* Project object */ = {
			isa = PBXProject;
			attributes = {
				LastSwiftUpdateCheck = 1020;
				LastUpgradeCheck = 1020;
				ORGANIZATIONNAME = "Ilias Pavlidakis";
				TargetAttributes = {
					4016146822A2D3D600C6A11E = {
						CreatedOnToolsVersion = 10.2.1;
						LastSwiftMigration = 1020;
					};
					401614AA22A2EEE000C6A11E = {
						CreatedOnToolsVersion = 10.2.1;
					};
					401614D922A2EF1800C6A11E = {
						CreatedOnToolsVersion = 10.2.1;
					};
					403EC65622A2B452003165D3 = {
						CreatedOnToolsVersion = 10.2.1;
					};
				};
			};
			buildConfigurationList = 403EC65222A2B452003165D3 /* Build configuration list for PBXProject "ReduxMe" */;
			compatibilityVersion = "Xcode 9.3";
			developmentRegion = en;
			hasScannedForEncodings = 0;
			knownRegions = (
				en,
			);
			mainGroup = 403EC64E22A2B452003165D3;
			productRefGroup = 403EC65822A2B452003165D3 /* Products */;
			projectDirPath = "";
			projectRoot = "";
			targets = (
				403EC65622A2B452003165D3 /* ReduxMe */,
				4016146822A2D3D600C6A11E /* ReduxMe Tests */,
				401614AA22A2EEE000C6A11E /* ReduxMe_tvOS */,
				401614D922A2EF1800C6A11E /* ReduxMe_macOS */,
			);
		};
/* End PBXProject section */

/* Begin PBXResourcesBuildPhase section */
		4016146722A2D3D600C6A11E /* Resources */ = {
			isa = PBXResourcesBuildPhase;
			buildActionMask = 2147483647;
			files = (
			);
			runOnlyForDeploymentPostprocessing = 0;
		};
/* End PBXResourcesBuildPhase section */

/* Begin PBXSourcesBuildPhase section */
		4016146522A2D3D600C6A11E /* Sources */ = {
			isa = PBXSourcesBuildPhase;
			buildActionMask = 2147483647;
			files = (
				4016148222A2D64A00C6A11E /* ReduxMeStub+Store.swift in Sources */,
				4016149522A2E14100C6A11E /* ReduxMe_StoreTests.swift in Sources */,
				4016147D22A2D53800C6A11E /* ReduxMeStub+Disposable.swift in Sources */,
				4016148422A2D75200C6A11E /* ReduxMeStub+State.swift in Sources */,
				4016148D22A2DE5C00C6A11E /* ReduxMeStub+Dispatcher.swift in Sources */,
				4016149222A2DFC700C6A11E /* ReduxMeStub+Middleware.swift in Sources */,
				4016149422A2DFD500C6A11E /* ReduxMeStub+Action.swift in Sources */,
				4016148922A2D9E700C6A11E /* ReduxMeStub+DisposeBag.swift in Sources */,
				4016149722A2E22200C6A11E /* ReduxMeStub+Reducer.swift in Sources */,
				4016147F22A2D55900C6A11E /* ReduxMeStub.swift in Sources */,
				4016147922A2D4BE00C6A11E /* ReduxMe_DisposeBagTests.swift in Sources */,
				4016148E22A2DF8900C6A11E /* ReduxMe_ObservableTests.swift in Sources */,
				4016148B22A2DDC300C6A11E /* ReduxMeStub+SerialDispatchQueue.swift in Sources */,
				4016148622A2D91700C6A11E /* ReduxMeStub+Substate.swift in Sources */,
				4016149022A2DFBA00C6A11E /* ReduxMeStub+Listener.swift in Sources */,
			);
			runOnlyForDeploymentPostprocessing = 0;
		};
		401614A722A2EEE000C6A11E /* Sources */ = {
			isa = PBXSourcesBuildPhase;
			buildActionMask = 2147483647;
			files = (
				401614AE22A2EEE000C6A11E /* ReduxMe_tvOS.swift in Sources */,
				401614BA22A2EF0100C6A11E /* ReduxMeDispatching.swift in Sources */,
				401614B722A2EF0100C6A11E /* ReduxMe+CompoundReducer.swift in Sources */,
				401614C422A2EF0200C6A11E /* ReduxMeSubstateProtocol.swift in Sources */,
				401614B422A2EF0100C6A11E /* ReduxMe+Observable.swift in Sources */,
				401614B522A2EF0100C6A11E /* ReduxMe+Store.swift in Sources */,
				401614BB22A2EF0100C6A11E /* ReduxMeDisposable.swift in Sources */,
				401614BD22A2EF0100C6A11E /* ReduxMeListenerProtocol.swift in Sources */,
				401614B222A2EF0100C6A11E /* ReduxMe+DisposableBag.swift in Sources */,
				401614B622A2EF0100C6A11E /* ReduxMe+SerialDispatchQueue.swift in Sources */,
				401614C322A2EF0200C6A11E /* ReduxMeSubstateListenerProtocol.swift in Sources */,
				401614BF22A2EF0100C6A11E /* ReduxMeObservableProtocol.swift in Sources */,
				401614C222A2EF0200C6A11E /* ReduxMeStoreProtocol.swift in Sources */,
				401614B322A2EF0100C6A11E /* ReduxMe+Dispatcher.swift in Sources */,
				401614C122A2EF0100C6A11E /* ReduxMeSerialDispatchQueueing.swift in Sources */,
				401614BE22A2EF0100C6A11E /* ReduxMeMiddlewareProtocol.swift in Sources */,
				401614C622A2EF0200C6A11E /* ReduxMe.swift in Sources */,
				401614BC22A2EF0100C6A11E /* ReduxMeDisposableBagProtocol.swift in Sources */,
				401614C022A2EF0100C6A11E /* ReduxMeReducerProtocol.swift in Sources */,
				401614B922A2EF0100C6A11E /* ReduxMeActionProtocol.swift in Sources */,
				401614B822A2EF0100C6A11E /* ReduxMeActionDispatching.swift in Sources */,
				401614C522A2EF0200C6A11E /* ReduxMeStateProtocol.swift in Sources */,
			);
			runOnlyForDeploymentPostprocessing = 0;
		};
		401614D722A2EF1800C6A11E /* Sources */ = {
			isa = PBXSourcesBuildPhase;
			buildActionMask = 2147483647;
			files = (
				401614DF22A2EF1800C6A11E /* ReduxMe_macOS.m in Sources */,
				401614EB22A2EF2000C6A11E /* ReduxMeDispatching.swift in Sources */,
				401614E822A2EF2000C6A11E /* ReduxMe+CompoundReducer.swift in Sources */,
				401614F522A2EF2000C6A11E /* ReduxMeSubstateProtocol.swift in Sources */,
				401614E522A2EF2000C6A11E /* ReduxMe+Observable.swift in Sources */,
				401614E622A2EF2000C6A11E /* ReduxMe+Store.swift in Sources */,
				401614EC22A2EF2000C6A11E /* ReduxMeDisposable.swift in Sources */,
				401614EE22A2EF2000C6A11E /* ReduxMeListenerProtocol.swift in Sources */,
				401614E322A2EF2000C6A11E /* ReduxMe+DisposableBag.swift in Sources */,
				401614E722A2EF2000C6A11E /* ReduxMe+SerialDispatchQueue.swift in Sources */,
				401614F422A2EF2000C6A11E /* ReduxMeSubstateListenerProtocol.swift in Sources */,
				401614F022A2EF2000C6A11E /* ReduxMeObservableProtocol.swift in Sources */,
				401614F322A2EF2000C6A11E /* ReduxMeStoreProtocol.swift in Sources */,
				401614E422A2EF2000C6A11E /* ReduxMe+Dispatcher.swift in Sources */,
				401614F222A2EF2000C6A11E /* ReduxMeSerialDispatchQueueing.swift in Sources */,
				401614EF22A2EF2000C6A11E /* ReduxMeMiddlewareProtocol.swift in Sources */,
				401614F722A2EF2000C6A11E /* ReduxMe.swift in Sources */,
				401614ED22A2EF2000C6A11E /* ReduxMeDisposableBagProtocol.swift in Sources */,
				401614F122A2EF2000C6A11E /* ReduxMeReducerProtocol.swift in Sources */,
				401614EA22A2EF2000C6A11E /* ReduxMeActionProtocol.swift in Sources */,
				401614E922A2EF2000C6A11E /* ReduxMeActionDispatching.swift in Sources */,
				401614F622A2EF2000C6A11E /* ReduxMeStateProtocol.swift in Sources */,
			);
			runOnlyForDeploymentPostprocessing = 0;
		};
		403EC65322A2B452003165D3 /* Sources */ = {
			isa = PBXSourcesBuildPhase;
			buildActionMask = 2147483647;
			files = (
				403EC68222A2B47C003165D3 /* ReduxMeSubstateListenerProtocol.swift in Sources */,
				403EC6B322A2C293003165D3 /* ReduxMeStateProtocol.swift in Sources */,
				403EC68B22A2B47C003165D3 /* ReduxMeActionProtocol.swift in Sources */,
				403EC6A922A2B843003165D3 /* ReduxMe+Dispatcher.swift in Sources */,
				403EC69D22A2B47C003165D3 /* ReduxMeObservableProtocol.swift in Sources */,
				403EC6AF22A2B8D8003165D3 /* ReduxMe+Store.swift in Sources */,
				403EC68F22A2B47C003165D3 /* ReduxMeSubstateProtocol.swift in Sources */,
				403EC6B122A2B9ED003165D3 /* ReduxMe+DisposableBag.swift in Sources */,
				403EC69122A2B47C003165D3 /* ReduxMeStoreProtocol.swift in Sources */,
				403EC6AD22A2B8B9003165D3 /* ReduxMe+Observable.swift in Sources */,
				403EC69222A2B47C003165D3 /* ReduxMeDisposable.swift in Sources */,
				403EC69022A2B47C003165D3 /* ReduxMeDisposableBagProtocol.swift in Sources */,
				403EC6A622A2B5E2003165D3 /* ReduxMe+SerialDispatchQueue.swift in Sources */,
				403EC6B522A2C751003165D3 /* ReduxMe+CompoundReducer.swift in Sources */,
				403EC68322A2B47C003165D3 /* ReduxMeActionDispatching.swift in Sources */,
				403EC69922A2B47C003165D3 /* ReduxMeReducerProtocol.swift in Sources */,
				403EC69722A2B47C003165D3 /* ReduxMeListenerProtocol.swift in Sources */,
				403EC65B22A2B452003165D3 /* ReduxMe.swift in Sources */,
				403EC6A022A2B562003165D3 /* ReduxMeSerialDispatchQueueing.swift in Sources */,
				403EC6A222A2B596003165D3 /* ReduxMeDispatching.swift in Sources */,
				403EC69B22A2B47C003165D3 /* ReduxMeMiddlewareProtocol.swift in Sources */,
			);
			runOnlyForDeploymentPostprocessing = 0;
		};
/* End PBXSourcesBuildPhase section */

/* Begin PBXTargetDependency section */
		4016147022A2D3D600C6A11E /* PBXTargetDependency */ = {
			isa = PBXTargetDependency;
			target = 403EC65622A2B452003165D3 /* ReduxMe */;
			targetProxy = 4016146F22A2D3D600C6A11E /* PBXContainerItemProxy */;
		};
/* End PBXTargetDependency section */

/* Begin XCBuildConfiguration section */
		4016147122A2D3D600C6A11E /* Debug */ = {
			isa = XCBuildConfiguration;
			buildSettings = {
				CLANG_ENABLE_MODULES = YES;
				CODE_SIGN_STYLE = Automatic;
				DEVELOPMENT_TEAM = UBW6JB7T2F;
				INFOPLIST_FILE = "ReduxMe Tests/Info.plist";
				LD_RUNPATH_SEARCH_PATHS = (
					"$(inherited)",
					"@executable_path/Frameworks",
					"@loader_path/Frameworks",
				);
				PRODUCT_BUNDLE_IDENTIFIER = "com.ipavlidakis.redux.me.tests.ReduxMe-Tests";
				PRODUCT_NAME = "$(TARGET_NAME)";
				SWIFT_OPTIMIZATION_LEVEL = "-Onone";
				SWIFT_VERSION = 5.0;
				TARGETED_DEVICE_FAMILY = "1,2";
			};
			name = Debug;
		};
		4016147222A2D3D600C6A11E /* Release */ = {
			isa = XCBuildConfiguration;
			buildSettings = {
				CLANG_ENABLE_MODULES = YES;
				CODE_SIGN_STYLE = Automatic;
				DEVELOPMENT_TEAM = UBW6JB7T2F;
				INFOPLIST_FILE = "ReduxMe Tests/Info.plist";
				LD_RUNPATH_SEARCH_PATHS = (
					"$(inherited)",
					"@executable_path/Frameworks",
					"@loader_path/Frameworks",
				);
				PRODUCT_BUNDLE_IDENTIFIER = "com.ipavlidakis.redux.me.tests.ReduxMe-Tests";
				PRODUCT_NAME = "$(TARGET_NAME)";
				SWIFT_VERSION = 5.0;
				TARGETED_DEVICE_FAMILY = "1,2";
			};
			name = Release;
		};
		401614AF22A2EEE000C6A11E /* Debug */ = {
			isa = XCBuildConfiguration;
			buildSettings = {
				CODE_SIGN_STYLE = Automatic;
				DEVELOPMENT_TEAM = UBW6JB7T2F;
				OTHER_LDFLAGS = "-ObjC";
				PRODUCT_NAME = "$(TARGET_NAME)";
				SDKROOT = appletvos;
				SKIP_INSTALL = YES;
				SWIFT_VERSION = 5.0;
				TARGETED_DEVICE_FAMILY = 3;
				TVOS_DEPLOYMENT_TARGET = 12.2;
			};
			name = Debug;
		};
		401614B022A2EEE000C6A11E /* Release */ = {
			isa = XCBuildConfiguration;
			buildSettings = {
				CODE_SIGN_STYLE = Automatic;
				DEVELOPMENT_TEAM = UBW6JB7T2F;
				OTHER_LDFLAGS = "-ObjC";
				PRODUCT_NAME = "$(TARGET_NAME)";
				SDKROOT = appletvos;
				SKIP_INSTALL = YES;
				SWIFT_VERSION = 5.0;
				TARGETED_DEVICE_FAMILY = 3;
				TVOS_DEPLOYMENT_TARGET = 12.2;
			};
			name = Release;
		};
		401614E122A2EF1800C6A11E /* Debug */ = {
			isa = XCBuildConfiguration;
			buildSettings = {
				CODE_SIGN_IDENTITY = "Mac Developer";
				CODE_SIGN_STYLE = Automatic;
				DEVELOPMENT_TEAM = UBW6JB7T2F;
				EXECUTABLE_PREFIX = lib;
				MACOSX_DEPLOYMENT_TARGET = 10.14;
				PRODUCT_NAME = "$(TARGET_NAME)";
				SDKROOT = macosx;
				SKIP_INSTALL = YES;
				SWIFT_VERSION = 5.0;
			};
			name = Debug;
		};
		401614E222A2EF1800C6A11E /* Release */ = {
			isa = XCBuildConfiguration;
			buildSettings = {
				CODE_SIGN_IDENTITY = "Mac Developer";
				CODE_SIGN_STYLE = Automatic;
				DEVELOPMENT_TEAM = UBW6JB7T2F;
				EXECUTABLE_PREFIX = lib;
				MACOSX_DEPLOYMENT_TARGET = 10.14;
				PRODUCT_NAME = "$(TARGET_NAME)";
				SDKROOT = macosx;
				SKIP_INSTALL = YES;
				SWIFT_VERSION = 5.0;
			};
			name = Release;
		};
		403EC65C22A2B452003165D3 /* Debug */ = {
			isa = XCBuildConfiguration;
			buildSettings = {
				ALWAYS_SEARCH_USER_PATHS = NO;
				CLANG_ANALYZER_NONNULL = YES;
				CLANG_ANALYZER_NUMBER_OBJECT_CONVERSION = YES_AGGRESSIVE;
				CLANG_CXX_LANGUAGE_STANDARD = "gnu++14";
				CLANG_CXX_LIBRARY = "libc++";
				CLANG_ENABLE_MODULES = YES;
				CLANG_ENABLE_OBJC_ARC = YES;
				CLANG_ENABLE_OBJC_WEAK = YES;
				CLANG_WARN_BLOCK_CAPTURE_AUTORELEASING = YES;
				CLANG_WARN_BOOL_CONVERSION = YES;
				CLANG_WARN_COMMA = YES;
				CLANG_WARN_CONSTANT_CONVERSION = YES;
				CLANG_WARN_DEPRECATED_OBJC_IMPLEMENTATIONS = YES;
				CLANG_WARN_DIRECT_OBJC_ISA_USAGE = YES_ERROR;
				CLANG_WARN_DOCUMENTATION_COMMENTS = YES;
				CLANG_WARN_EMPTY_BODY = YES;
				CLANG_WARN_ENUM_CONVERSION = YES;
				CLANG_WARN_INFINITE_RECURSION = YES;
				CLANG_WARN_INT_CONVERSION = YES;
				CLANG_WARN_NON_LITERAL_NULL_CONVERSION = YES;
				CLANG_WARN_OBJC_IMPLICIT_RETAIN_SELF = YES;
				CLANG_WARN_OBJC_LITERAL_CONVERSION = YES;
				CLANG_WARN_OBJC_ROOT_CLASS = YES_ERROR;
				CLANG_WARN_RANGE_LOOP_ANALYSIS = YES;
				CLANG_WARN_STRICT_PROTOTYPES = YES;
				CLANG_WARN_SUSPICIOUS_MOVE = YES;
				CLANG_WARN_UNGUARDED_AVAILABILITY = YES_AGGRESSIVE;
				CLANG_WARN_UNREACHABLE_CODE = YES;
				CLANG_WARN__DUPLICATE_METHOD_MATCH = YES;
				CODE_SIGN_IDENTITY = "iPhone Developer";
				COPY_PHASE_STRIP = NO;
				DEBUG_INFORMATION_FORMAT = dwarf;
				ENABLE_STRICT_OBJC_MSGSEND = YES;
				ENABLE_TESTABILITY = YES;
				GCC_C_LANGUAGE_STANDARD = gnu11;
				GCC_DYNAMIC_NO_PIC = NO;
				GCC_NO_COMMON_BLOCKS = YES;
				GCC_OPTIMIZATION_LEVEL = 0;
				GCC_PREPROCESSOR_DEFINITIONS = (
					"DEBUG=1",
					"$(inherited)",
				);
				GCC_WARN_64_TO_32_BIT_CONVERSION = YES;
				GCC_WARN_ABOUT_RETURN_TYPE = YES_ERROR;
				GCC_WARN_UNDECLARED_SELECTOR = YES;
				GCC_WARN_UNINITIALIZED_AUTOS = YES_AGGRESSIVE;
				GCC_WARN_UNUSED_FUNCTION = YES;
				GCC_WARN_UNUSED_VARIABLE = YES;
				IPHONEOS_DEPLOYMENT_TARGET = 10.0;
				MTL_ENABLE_DEBUG_INFO = INCLUDE_SOURCE;
				MTL_FAST_MATH = YES;
				ONLY_ACTIVE_ARCH = YES;
				SDKROOT = iphoneos;
				SWIFT_ACTIVE_COMPILATION_CONDITIONS = DEBUG;
				SWIFT_OPTIMIZATION_LEVEL = "-Onone";
			};
			name = Debug;
		};
		403EC65D22A2B452003165D3 /* Release */ = {
			isa = XCBuildConfiguration;
			buildSettings = {
				ALWAYS_SEARCH_USER_PATHS = NO;
				CLANG_ANALYZER_NONNULL = YES;
				CLANG_ANALYZER_NUMBER_OBJECT_CONVERSION = YES_AGGRESSIVE;
				CLANG_CXX_LANGUAGE_STANDARD = "gnu++14";
				CLANG_CXX_LIBRARY = "libc++";
				CLANG_ENABLE_MODULES = YES;
				CLANG_ENABLE_OBJC_ARC = YES;
				CLANG_ENABLE_OBJC_WEAK = YES;
				CLANG_WARN_BLOCK_CAPTURE_AUTORELEASING = YES;
				CLANG_WARN_BOOL_CONVERSION = YES;
				CLANG_WARN_COMMA = YES;
				CLANG_WARN_CONSTANT_CONVERSION = YES;
				CLANG_WARN_DEPRECATED_OBJC_IMPLEMENTATIONS = YES;
				CLANG_WARN_DIRECT_OBJC_ISA_USAGE = YES_ERROR;
				CLANG_WARN_DOCUMENTATION_COMMENTS = YES;
				CLANG_WARN_EMPTY_BODY = YES;
				CLANG_WARN_ENUM_CONVERSION = YES;
				CLANG_WARN_INFINITE_RECURSION = YES;
				CLANG_WARN_INT_CONVERSION = YES;
				CLANG_WARN_NON_LITERAL_NULL_CONVERSION = YES;
				CLANG_WARN_OBJC_IMPLICIT_RETAIN_SELF = YES;
				CLANG_WARN_OBJC_LITERAL_CONVERSION = YES;
				CLANG_WARN_OBJC_ROOT_CLASS = YES_ERROR;
				CLANG_WARN_RANGE_LOOP_ANALYSIS = YES;
				CLANG_WARN_STRICT_PROTOTYPES = YES;
				CLANG_WARN_SUSPICIOUS_MOVE = YES;
				CLANG_WARN_UNGUARDED_AVAILABILITY = YES_AGGRESSIVE;
				CLANG_WARN_UNREACHABLE_CODE = YES;
				CLANG_WARN__DUPLICATE_METHOD_MATCH = YES;
				CODE_SIGN_IDENTITY = "iPhone Developer";
				COPY_PHASE_STRIP = NO;
				DEBUG_INFORMATION_FORMAT = "dwarf-with-dsym";
				ENABLE_NS_ASSERTIONS = NO;
				ENABLE_STRICT_OBJC_MSGSEND = YES;
				GCC_C_LANGUAGE_STANDARD = gnu11;
				GCC_NO_COMMON_BLOCKS = YES;
				GCC_WARN_64_TO_32_BIT_CONVERSION = YES;
				GCC_WARN_ABOUT_RETURN_TYPE = YES_ERROR;
				GCC_WARN_UNDECLARED_SELECTOR = YES;
				GCC_WARN_UNINITIALIZED_AUTOS = YES_AGGRESSIVE;
				GCC_WARN_UNUSED_FUNCTION = YES;
				GCC_WARN_UNUSED_VARIABLE = YES;
				IPHONEOS_DEPLOYMENT_TARGET = 10.0;
				MTL_ENABLE_DEBUG_INFO = NO;
				MTL_FAST_MATH = YES;
				SDKROOT = iphoneos;
				SWIFT_COMPILATION_MODE = wholemodule;
				SWIFT_OPTIMIZATION_LEVEL = "-O";
				VALIDATE_PRODUCT = YES;
			};
			name = Release;
		};
		403EC65F22A2B452003165D3 /* Debug */ = {
			isa = XCBuildConfiguration;
			buildSettings = {
				CODE_SIGN_STYLE = Automatic;
				DEVELOPMENT_TEAM = UBW6JB7T2F;
				OTHER_LDFLAGS = "-ObjC";
				PRODUCT_NAME = "$(TARGET_NAME)";
				SKIP_INSTALL = YES;
				SWIFT_VERSION = 5.0;
				TARGETED_DEVICE_FAMILY = "1,2";
			};
			name = Debug;
		};
		403EC66022A2B452003165D3 /* Release */ = {
			isa = XCBuildConfiguration;
			buildSettings = {
				CODE_SIGN_STYLE = Automatic;
				DEVELOPMENT_TEAM = UBW6JB7T2F;
				OTHER_LDFLAGS = "-ObjC";
				PRODUCT_NAME = "$(TARGET_NAME)";
				SKIP_INSTALL = YES;
				SWIFT_VERSION = 5.0;
				TARGETED_DEVICE_FAMILY = "1,2";
			};
			name = Release;
		};
/* End XCBuildConfiguration section */

/* Begin XCConfigurationList section */
		4016147322A2D3D600C6A11E /* Build configuration list for PBXNativeTarget "ReduxMe Tests" */ = {
			isa = XCConfigurationList;
			buildConfigurations = (
				4016147122A2D3D600C6A11E /* Debug */,
				4016147222A2D3D600C6A11E /* Release */,
			);
			defaultConfigurationIsVisible = 0;
			defaultConfigurationName = Release;
		};
		401614B122A2EEE000C6A11E /* Build configuration list for PBXNativeTarget "ReduxMe_tvOS" */ = {
			isa = XCConfigurationList;
			buildConfigurations = (
				401614AF22A2EEE000C6A11E /* Debug */,
				401614B022A2EEE000C6A11E /* Release */,
			);
			defaultConfigurationIsVisible = 0;
			defaultConfigurationName = Release;
		};
		401614E022A2EF1800C6A11E /* Build configuration list for PBXNativeTarget "ReduxMe_macOS" */ = {
			isa = XCConfigurationList;
			buildConfigurations = (
				401614E122A2EF1800C6A11E /* Debug */,
				401614E222A2EF1800C6A11E /* Release */,
			);
			defaultConfigurationIsVisible = 0;
			defaultConfigurationName = Release;
		};
		403EC65222A2B452003165D3 /* Build configuration list for PBXProject "ReduxMe" */ = {
			isa = XCConfigurationList;
			buildConfigurations = (
				403EC65C22A2B452003165D3 /* Debug */,
				403EC65D22A2B452003165D3 /* Release */,
			);
			defaultConfigurationIsVisible = 0;
			defaultConfigurationName = Release;
		};
		403EC65E22A2B452003165D3 /* Build configuration list for PBXNativeTarget "ReduxMe" */ = {
			isa = XCConfigurationList;
			buildConfigurations = (
				403EC65F22A2B452003165D3 /* Debug */,
				403EC66022A2B452003165D3 /* Release */,
			);
			defaultConfigurationIsVisible = 0;
			defaultConfigurationName = Release;
		};
/* End XCConfigurationList section */
	};
	rootObject = 403EC64F22A2B452003165D3 /* Project object */;
}
